
Microsoft Visual Studio Solution File, Format Version 12.00
# Visual Studio Version 16
VisualStudioVersion = 16.0.31105.61
MinimumVisualStudioVersion = 10.0.40219.1
Project("{FAE04EC0-301F-11D3-BF4B-00C04F79EFBC}") = "LB2_Photos", "LB2_Photos\LB2_Photos.csproj", "{4D0D2E1E-6DCC-4D06-B223-2BF843F536B8}"
EndProject
Project("{FAE04EC0-301F-11D3-BF4B-00C04F79EFBC}") = "Lab1_Letters", "Lab1_Letters\Lab1_Letters.csproj", "{BC7A2B64-E499-4775-A4F4-805D52DF126A}"
EndProject
Global
	GlobalSection(SolutionConfigurationPlatforms) = preSolution
		Debug|Any CPU = Debug|Any CPU
		Release|Any CPU = Release|Any CPU
	EndGlobalSection
	GlobalSection(ProjectConfigurationPlatforms) = postSolution
		{4D0D2E1E-6DCC-4D06-B223-2BF843F536B8}.Debug|Any CPU.ActiveCfg = Debug|Any CPU
		{4D0D2E1E-6DCC-4D06-B223-2BF843F536B8}.Debug|Any CPU.Build.0 = Debug|Any CPU
		{4D0D2E1E-6DCC-4D06-B223-2BF843F536B8}.Release|Any CPU.ActiveCfg = Release|Any CPU
		{4D0D2E1E-6DCC-4D06-B223-2BF843F536B8}.Release|Any CPU.Build.0 = Release|Any CPU
		{BC7A2B64-E499-4775-A4F4-805D52DF126A}.Debug|Any CPU.ActiveCfg = Debug|Any CPU
		{BC7A2B64-E499-4775-A4F4-805D52DF126A}.Debug|Any CPU.Build.0 = Debug|Any CPU
		{BC7A2B64-E499-4775-A4F4-805D52DF126A}.Release|Any CPU.ActiveCfg = Release|Any CPU
		{BC7A2B64-E499-4775-A4F4-805D52DF126A}.Release|Any CPU.Build.0 = Release|Any CPU
	EndGlobalSection
	GlobalSection(SolutionProperties) = preSolution
		HideSolutionNode = FALSE
	EndGlobalSection
	GlobalSection(ExtensibilityGlobals) = postSolution
		SolutionGuid = {09D200BA-6208-4660-8646-19276C7C85CB}
	EndGlobalSection
EndGlobal
